
Microsoft Visual Studio Solution File, Format Version 12.00
# Visual Studio Version 17
VisualStudioVersion = 17.10.35013.160
MinimumVisualStudioVersion = 10.0.40219.1
Project("{9A19103F-16F7-4668-BE54-9A1E7A4F7556}") = "BalanceMate", "BalanceMate.csproj", "{985E1E1B-46C9-4AD8-AA8A-92B941333AF1}"
EndProject
Project("{9A19103F-16F7-4668-BE54-9A1E7A4F7556}") = "BalanceMate.UnitTests", "..\BalanceMate.UnitTests\BalanceMate.UnitTests.csproj", "{735D10E9-8780-487C-B948-B29A52D30F3C}"
EndProject
Project("{FAE04EC0-301F-11D3-BF4B-00C04F79EFBC}") = "BalanceMate.Utilities", "..\BalanceMate.Utilities\BalanceMate.Utilities.csproj", "{7F2773EA-F339-4316-8631-A70E6775087E}"
EndProject
Global
	GlobalSection(SolutionConfigurationPlatforms) = preSolution
		Debug|Any CPU = Debug|Any CPU
		Release|Any CPU = Release|Any CPU
	EndGlobalSection
	GlobalSection(ProjectConfigurationPlatforms) = postSolution
		{985E1E1B-46C9-4AD8-AA8A-92B941333AF1}.Debug|Any CPU.ActiveCfg = Debug|Any CPU
		{985E1E1B-46C9-4AD8-AA8A-92B941333AF1}.Debug|Any CPU.Build.0 = Debug|Any CPU
		{985E1E1B-46C9-4AD8-AA8A-92B941333AF1}.Release|Any CPU.ActiveCfg = Release|Any CPU
		{985E1E1B-46C9-4AD8-AA8A-92B941333AF1}.Release|Any CPU.Build.0 = Release|Any CPU
		{735D10E9-8780-487C-B948-B29A52D30F3C}.Debug|Any CPU.ActiveCfg = Debug|Any CPU
		{735D10E9-8780-487C-B948-B29A52D30F3C}.Debug|Any CPU.Build.0 = Debug|Any CPU
		{735D10E9-8780-487C-B948-B29A52D30F3C}.Release|Any CPU.ActiveCfg = Release|Any CPU
		{735D10E9-8780-487C-B948-B29A52D30F3C}.Release|Any CPU.Build.0 = Release|Any CPU
		{7F2773EA-F339-4316-8631-A70E6775087E}.Debug|Any CPU.ActiveCfg = Debug|Any CPU
		{7F2773EA-F339-4316-8631-A70E6775087E}.Debug|Any CPU.Build.0 = Debug|Any CPU
		{7F2773EA-F339-4316-8631-A70E6775087E}.Release|Any CPU.ActiveCfg = Release|Any CPU
		{7F2773EA-F339-4316-8631-A70E6775087E}.Release|Any CPU.Build.0 = Release|Any CPU
	EndGlobalSection
	GlobalSection(SolutionProperties) = preSolution
		HideSolutionNode = FALSE
	EndGlobalSection
	GlobalSection(ExtensibilityGlobals) = postSolution
		SolutionGuid = {988066DC-ACBD-4C20-8142-1E34615A5289}
	EndGlobalSection
EndGlobal
